
Microsoft Visual Studio Solution File, Format Version 12.00
# Visual Studio Version 17
VisualStudioVersion = 17.10.35122.118
MinimumVisualStudioVersion = 10.0.40219.1
Project("{FAE04EC0-301F-11D3-BF4B-00C04F79EFBC}") = "sorteiaDuplas", "sorteiaDuplas\sorteiaDuplas.csproj", "{C4BBF6DA-58DB-47B5-B10F-43435417391B}"
EndProject
Global
	GlobalSection(SolutionConfigurationPlatforms) = preSolution
		Debug|Any CPU = Debug|Any CPU
		Release|Any CPU = Release|Any CPU
	EndGlobalSection
	GlobalSection(ProjectConfigurationPlatforms) = postSolution
		{C4BBF6DA-58DB-47B5-B10F-43435417391B}.Debug|Any CPU.ActiveCfg = Debug|Any CPU
		{C4BBF6DA-58DB-47B5-B10F-43435417391B}.Debug|Any CPU.Build.0 = Debug|Any CPU
		{C4BBF6DA-58DB-47B5-B10F-43435417391B}.Release|Any CPU.ActiveCfg = Release|Any CPU
		{C4BBF6DA-58DB-47B5-B10F-43435417391B}.Release|Any CPU.Build.0 = Release|Any CPU
	EndGlobalSection
	GlobalSection(SolutionProperties) = preSolution
		HideSolutionNode = FALSE
	EndGlobalSection
	GlobalSection(ExtensibilityGlobals) = postSolution
		SolutionGuid = {59937659-90BB-4DF8-94B1-A766C9ED7F27}
	EndGlobalSection
EndGlobal
